
Microsoft Visual Studio Solution File, Format Version 12.00
# Visual Studio Version 16
VisualStudioVersion = 16.0.29613.14
MinimumVisualStudioVersion = 10.0.40219.1
Project("{FAE04EC0-301F-11D3-BF4B-00C04F79EFBC}") = "PortForward", "PortForward\PortForward.csproj", "{A441970B-995D-447C-B662-62733E295058}"
EndProject
Global
	GlobalSection(SolutionConfigurationPlatforms) = preSolution
		Debug|Any CPU = Debug|Any CPU
		Release|Any CPU = Release|Any CPU
	EndGlobalSection
	GlobalSection(ProjectConfigurationPlatforms) = postSolution
		{A441970B-995D-447C-B662-62733E295058}.Debug|Any CPU.ActiveCfg = Debug|Any CPU
		{A441970B-995D-447C-B662-62733E295058}.Debug|Any CPU.Build.0 = Debug|Any CPU
		{A441970B-995D-447C-B662-62733E295058}.Release|Any CPU.ActiveCfg = Release|Any CPU
		{A441970B-995D-447C-B662-62733E295058}.Release|Any CPU.Build.0 = Release|Any CPU
	EndGlobalSection
	GlobalSection(SolutionProperties) = preSolution
		HideSolutionNode = FALSE
	EndGlobalSection
	GlobalSection(ExtensibilityGlobals) = postSolution
		SolutionGuid = {D6565BC6-2849-4E79-9F5F-F72EE6103187}
	EndGlobalSection
EndGlobal
